
Microsoft Visual Studio Solution File, Format Version 12.00
# Visual Studio Version 16
VisualStudioVersion = 16.0.30611.23
MinimumVisualStudioVersion = 10.0.40219.1
Project("{FAE04EC0-301F-11D3-BF4B-00C04F79EFBC}") = "T2-Q14", "T2-Q14.csproj", "{BC76DCC1-587C-4E73-9375-6EED749B239F}"
EndProject
Global
	GlobalSection(SolutionConfigurationPlatforms) = preSolution
		Debug|Any CPU = Debug|Any CPU
		Release|Any CPU = Release|Any CPU
	EndGlobalSection
	GlobalSection(ProjectConfigurationPlatforms) = postSolution
		{BC76DCC1-587C-4E73-9375-6EED749B239F}.Debug|Any CPU.ActiveCfg = Debug|Any CPU
		{BC76DCC1-587C-4E73-9375-6EED749B239F}.Debug|Any CPU.Build.0 = Debug|Any CPU
		{BC76DCC1-587C-4E73-9375-6EED749B239F}.Release|Any CPU.ActiveCfg = Release|Any CPU
		{BC76DCC1-587C-4E73-9375-6EED749B239F}.Release|Any CPU.Build.0 = Release|Any CPU
	EndGlobalSection
	GlobalSection(SolutionProperties) = preSolution
		HideSolutionNode = FALSE
	EndGlobalSection
	GlobalSection(ExtensibilityGlobals) = postSolution
		SolutionGuid = {FE74E1EA-AD02-4753-9CA2-F339A9233519}
	EndGlobalSection
EndGlobal
