
Microsoft Visual Studio Solution File, Format Version 12.00
# Visual Studio Version 16
VisualStudioVersion = 16.0.30717.126
MinimumVisualStudioVersion = 10.0.40219.1
Project("{FAE04EC0-301F-11D3-BF4B-00C04F79EFBC}") = "Test3-Q7", "Test3-Q7.csproj", "{088A45C2-5F01-4750-8D42-6C1060F43B86}"
EndProject
Global
	GlobalSection(SolutionConfigurationPlatforms) = preSolution
		Debug|Any CPU = Debug|Any CPU
		Release|Any CPU = Release|Any CPU
	EndGlobalSection
	GlobalSection(ProjectConfigurationPlatforms) = postSolution
		{088A45C2-5F01-4750-8D42-6C1060F43B86}.Debug|Any CPU.ActiveCfg = Debug|Any CPU
		{088A45C2-5F01-4750-8D42-6C1060F43B86}.Debug|Any CPU.Build.0 = Debug|Any CPU
		{088A45C2-5F01-4750-8D42-6C1060F43B86}.Release|Any CPU.ActiveCfg = Release|Any CPU
		{088A45C2-5F01-4750-8D42-6C1060F43B86}.Release|Any CPU.Build.0 = Release|Any CPU
	EndGlobalSection
	GlobalSection(SolutionProperties) = preSolution
		HideSolutionNode = FALSE
	EndGlobalSection
	GlobalSection(ExtensibilityGlobals) = postSolution
		SolutionGuid = {F893A954-E0AF-440D-8F41-DA92FA574423}
	EndGlobalSection
EndGlobal
