
Microsoft Visual Studio Solution File, Format Version 12.00
# Visual Studio Version 16
VisualStudioVersion = 16.0.30711.63
MinimumVisualStudioVersion = 10.0.40219.1
Project("{FAE04EC0-301F-11D3-BF4B-00C04F79EFBC}") = "Test3-Q1", "Test3-Q1.csproj", "{83E8F5A9-ADBC-4588-8937-792256E28765}"
EndProject
Global
	GlobalSection(SolutionConfigurationPlatforms) = preSolution
		Debug|Any CPU = Debug|Any CPU
		Release|Any CPU = Release|Any CPU
	EndGlobalSection
	GlobalSection(ProjectConfigurationPlatforms) = postSolution
		{83E8F5A9-ADBC-4588-8937-792256E28765}.Debug|Any CPU.ActiveCfg = Debug|Any CPU
		{83E8F5A9-ADBC-4588-8937-792256E28765}.Debug|Any CPU.Build.0 = Debug|Any CPU
		{83E8F5A9-ADBC-4588-8937-792256E28765}.Release|Any CPU.ActiveCfg = Release|Any CPU
		{83E8F5A9-ADBC-4588-8937-792256E28765}.Release|Any CPU.Build.0 = Release|Any CPU
	EndGlobalSection
	GlobalSection(SolutionProperties) = preSolution
		HideSolutionNode = FALSE
	EndGlobalSection
	GlobalSection(ExtensibilityGlobals) = postSolution
		SolutionGuid = {7A75430E-4543-413E-9BD8-2057809C7144}
	EndGlobalSection
EndGlobal
